// !$*UTF8*$!
{
	archiveVersion = 1;
	classes = {
	};
	objectVersion = 46;
	objects = {

/* Begin PBXBuildFile section */
		6F50BD291CE5AF0600BF6D11 /* MyAppDelegate.swift in Sources */ = {isa = PBXBuildFile; fileRef = 6F50BD271CE5AF0600BF6D11 /* MyAppDelegate.swift */; };
		6F50BD2A1CE5AF0600BF6D11 /* MyRootController.swift in Sources */ = {isa = PBXBuildFile; fileRef = 6F50BD281CE5AF0600BF6D11 /* MyRootController.swift */; };
		6F50BD2C1CE5AF2700BF6D11 /* Assets.xcassets in Resources */ = {isa = PBXBuildFile; fileRef = 6F50BD2B1CE5AF2700BF6D11 /* Assets.xcassets */; };
/* End PBXBuildFile section */

/* Begin PBXFileReference section */
		6F2C88821CE4C9FD00E3E3F5 /* yjyy.app */ = {isa = PBXFileReference; explicitFileType = wrapper.application; includeInIndex = 0; path = yjyy.app; sourceTree = BUILT_PRODUCTS_DIR; };
		6F2C88911CE4C9FD00E3E3F5 /* Info.plist */ = {isa = PBXFileReference; lastKnownFileType = text.plist.xml; path = Info.plist; sourceTree = "<group>"; };
		6F50BD271CE5AF0600BF6D11 /* MyAppDelegate.swift */ = {isa = PBXFileReference; fileEncoding = 4; lastKnownFileType = sourcecode.swift; path = MyAppDelegate.swift; sourceTree = SOURCE_ROOT; };
		6F50BD281CE5AF0600BF6D11 /* MyRootController.swift */ = {isa = PBXFileReference; fileEncoding = 4; lastKnownFileType = sourcecode.swift; path = MyRootController.swift; sourceTree = SOURCE_ROOT; };
		6F50BD2B1CE5AF2700BF6D11 /* Assets.xcassets */ = {isa = PBXFileReference; lastKnownFileType = folder.assetcatalog; path = Assets.xcassets; sourceTree = SOURCE_ROOT; };
/* End PBXFileReference section */

/* Begin PBXFrameworksBuildPhase section */
		6F2C887F1CE4C9FD00E3E3F5 /* Frameworks */ = {
			isa = PBXFrameworksBuildPhase;
			buildActionMask = 2147483647;
			files = (
			);
			runOnlyForDeploymentPostprocessing = 0;
		};
/* End PBXFrameworksBuildPhase section */

/* Begin PBXGroup section */
		6F2C88791CE4C9FD00E3E3F5 = {
			isa = PBXGroup;
			children = (
				6F2C88841CE4C9FD00E3E3F5 /* yjyy */,
				6F2C88831CE4C9FD00E3E3F5 /* Products */,
			);
			sourceTree = "<group>";
		};
		6F2C88831CE4C9FD00E3E3F5 /* Products */ = {
			isa = PBXGroup;
			children = (
				6F2C88821CE4C9FD00E3E3F5 /* yjyy.app */,
			);
			name = Products;
			sourceTree = "<group>";
		};
		6F2C88841CE4C9FD00E3E3F5 /* yjyy */ = {
			isa = PBXGroup;
			children = (
				6F50BD2B1CE5AF2700BF6D11 /* Assets.xcassets */,
				6F50BD271CE5AF0600BF6D11 /* MyAppDelegate.swift */,
				6F50BD281CE5AF0600BF6D11 /* MyRootController.swift */,
				6F2C88911CE4C9FD00E3E3F5 /* Info.plist */,
			);
			path = yjyy;
			sourceTree = "<group>";
		};
/* End PBXGroup section */

/* Begin PBXNativeTarget section */
		6F2C88811CE4C9FD00E3E3F5 /* yjyy */ = {
			isa = PBXNativeTarget;
			buildConfigurationList = 6F2C88941CE4C9FD00E3E3F5 /* Build configuration list for PBXNativeTarget "yjyy" */;
			buildPhases = (
				6F2C887E1CE4C9FD00E3E3F5 /* Sources */,
				6F2C887F1CE4C9FD00E3E3F5 /* Frameworks */,
				6F2C88801CE4C9FD00E3E3F5 /* Resources */,
			);
			buildRules = (
			);
			dependencies = (
			);
			name = yjyy;
			productName = yjyy;
			productReference = 6F2C88821CE4C9FD00E3E3F5 /* yjyy.app */;
			productType = "com.apple.product-type.application";
		};
/* End PBXNativeTarget section */

/* Begin PBXProject section */
		6F2C887A1CE4C9FD00E3E3F5 /* Project object */ = {
			isa = PBXProject;
			attributes = {
				LastSwiftUpdateCheck = 0730;
				LastUpgradeCheck = 0730;
				ORGANIZATIONNAME = "chaishushan{AT}gmail.com";
				TargetAttributes = {
					6F2C88811CE4C9FD00E3E3F5 = {
						CreatedOnToolsVersion = 7.3.1;
						DevelopmentTeam = 82L2F49QH4;
					};
				};
			};
			buildConfigurationList = 6F2C887D1CE4C9FD00E3E3F5 /* Build configuration list for PBXProject "yjyy" */;
			compatibilityVersion = "Xcode 3.2";
			developmentRegion = English;
			hasScannedForEncodings = 0;
			knownRegions = (
				en,
				Base,
			);
			mainGroup = 6F2C88791CE4C9FD00E3E3F5;
			productRefGroup = 6F2C88831CE4C9FD00E3E3F5 /* Products */;
			projectDirPath = "";
			projectRoot = "";
			targets = (
				6F2C88811CE4C9FD00E3E3F5 /* yjyy */,
			);
		};
/* End PBXProject section */

/* Begin PBXResourcesBuildPhase section */
		6F2C88801CE4C9FD00E3E3F5 /* Resources */ = {
			isa = PBXResourcesBuildPhase;
			buildActionMask = 2147483647;
			files = (
				6F50BD2C1CE5AF2700BF6D11 /* Assets.xcassets in Resources */,
			);
			runOnlyForDeploymentPostprocessing = 0;
		};
/* End PBXResourcesBuildPhase section */

/* Begin PBXSourcesBuildPhase section */
		6F2C887E1CE4C9FD00E3E3F5 /* Sources */ = {
			isa = PBXSourcesBuildPhase;
			buildActionMask = 2147483647;
			files = (
				6F50BD291CE5AF0600BF6D11 /* MyAppDelegate.swift in Sources */,
				6F50BD2A1CE5AF0600BF6D11 /* MyRootController.swift in Sources */,
			);
			runOnlyForDeploymentPostprocessing = 0;
		};
/* End PBXSourcesBuildPhase section */

/* Begin XCBuildConfiguration section */
		6F2C88921CE4C9FD00E3E3F5 /* Debug */ = {
			isa = XCBuildConfiguration;
			buildSettings = {
				ALWAYS_SEARCH_USER_PATHS = NO;
				CLANG_ANALYZER_NONNULL = YES;
				CLANG_CXX_LANGUAGE_STANDARD = "gnu++0x";
				CLANG_CXX_LIBRARY = "libc++";
				CLANG_ENABLE_MODULES = YES;
				CLANG_ENABLE_OBJC_ARC = YES;
				CLANG_WARN_BOOL_CONVERSION = YES;
				CLANG_WARN_CONSTANT_CONVERSION = YES;
				CLANG_WARN_DIRECT_OBJC_ISA_USAGE = YES_ERROR;
				CLANG_WARN_EMPTY_BODY = YES;
				CLANG_WARN_ENUM_CONVERSION = YES;
				CLANG_WARN_INT_CONVERSION = YES;
				CLANG_WARN_OBJC_ROOT_CLASS = YES_ERROR;
				CLANG_WARN_UNREACHABLE_CODE = YES;
				CLANG_WARN__DUPLICATE_METHOD_MATCH = YES;
				"CODE_SIGN_IDENTITY[sdk=iphoneos*]" = "iPhone Developer";
				COPY_PHASE_STRIP = NO;
				DEBUG_INFORMATION_FORMAT = dwarf;
				ENABLE_STRICT_OBJC_MSGSEND = YES;
				ENABLE_TESTABILITY = YES;
				GCC_C_LANGUAGE_STANDARD = gnu99;
				GCC_DYNAMIC_NO_PIC = NO;
				GCC_NO_COMMON_BLOCKS = YES;
				GCC_OPTIMIZATION_LEVEL = 0;
				GCC_PREPROCESSOR_DEFINITIONS = (
					"DEBUG=1",
					"$(inherited)",
				);
				GCC_WARN_64_TO_32_BIT_CONVERSION = YES;
				GCC_WARN_ABOUT_RETURN_TYPE = YES_ERROR;
				GCC_WARN_UNDECLARED_SELECTOR = YES;
				GCC_WARN_UNINITIALIZED_AUTOS = YES_AGGRESSIVE;
				GCC_WARN_UNUSED_FUNCTION = YES;
				GCC_WARN_UNUSED_VARIABLE = YES;
				IPHONEOS_DEPLOYMENT_TARGET = 9.3;
				MTL_ENABLE_DEBUG_INFO = YES;
				ONLY_ACTIVE_ARCH = YES;
				SDKROOT = iphoneos;
				SWIFT_OPTIMIZATION_LEVEL = "-Onone";
			};
			name = Debug;
		};
		6F2C88931CE4C9FD00E3E3F5 /* Release */ = {
			isa = XCBuildConfiguration;
			buildSettings = {
				ALWAYS_SEARCH_USER_PATHS = NO;
				CLANG_ANALYZER_NONNULL = YES;
				CLANG_CXX_LANGUAGE_STANDARD = "gnu++0x";
				CLANG_CXX_LIBRARY = "libc++";
				CLANG_ENABLE_MODULES = YES;
				CLANG_ENABLE_OBJC_ARC = YES;
				CLANG_WARN_BOOL_CONVERSION = YES;
				CLANG_WARN_CONSTANT_CONVERSION = YES;
				CLANG_WARN_DIRECT_OBJC_ISA_USAGE = YES_ERROR;
				CLANG_WARN_EMPTY_BODY = YES;
				CLANG_WARN_ENUM_CONVERSION = YES;
				CLANG_WARN_INT_CONVERSION = YES;
				CLANG_WARN_OBJC_ROOT_CLASS = YES_ERROR;
				CLANG_WARN_UNREACHABLE_CODE = YES;
				CLANG_WARN__DUPLICATE_METHOD_MATCH = YES;
				"CODE_SIGN_IDENTITY[sdk=iphoneos*]" = "iPhone Developer";
				COPY_PHASE_STRIP = NO;
				DEBUG_INFORMATION_FORMAT = "dwarf-with-dsym";
				ENABLE_NS_ASSERTIONS = NO;
				ENABLE_STRICT_OBJC_MSGSEND = YES;
				GCC_C_LANGUAGE_STANDARD = gnu99;
				GCC_NO_COMMON_BLOCKS = YES;
				GCC_WARN_64_TO_32_BIT_CONVERSION = YES;
				GCC_WARN_ABOUT_RETURN_TYPE = YES_ERROR;
				GCC_WARN_UNDECLARED_SELECTOR = YES;
				GCC_WARN_UNINITIALIZED_AUTOS = YES_AGGRESSIVE;
				GCC_WARN_UNUSED_FUNCTION = YES;
				GCC_WARN_UNUSED_VARIABLE = YES;
				IPHONEOS_DEPLOYMENT_TARGET = 9.3;
				MTL_ENABLE_DEBUG_INFO = NO;
				SDKROOT = iphoneos;
				VALIDATE_PRODUCT = YES;
			};
			name = Release;
		};
		6F2C88951CE4C9FD00E3E3F5 /* Debug */ = {
			isa = XCBuildConfiguration;
			buildSettings = {
				ASSETCATALOG_COMPILER_APPICON_NAME = AppIcon;
				ASSETCATALOG_COMPILER_LAUNCHIMAGE_NAME = LaunchImage;
				CLANG_ENABLE_MODULES = YES;
				CODE_SIGN_IDENTITY = "iPhone Developer";
				INFOPLIST_FILE = Info.plist;
				LD_RUNPATH_SEARCH_PATHS = "$(inherited) @executable_path/Frameworks";
				PRODUCT_BUNDLE_IDENTIFIER = "yjyy-swift";
				PRODUCT_NAME = "$(TARGET_NAME)";
				SWIFT_OPTIMIZATION_LEVEL = "-Onone";
			};
			name = Debug;
		};
		6F2C88961CE4C9FD00E3E3F5 /* Release */ = {
			isa = XCBuildConfiguration;
			buildSettings = {
				ASSETCATALOG_COMPILER_APPICON_NAME = AppIcon;
				ASSETCATALOG_COMPILER_LAUNCHIMAGE_NAME = LaunchImage;
				CLANG_ENABLE_MODULES = YES;
				CODE_SIGN_IDENTITY = "iPhone Developer";
				INFOPLIST_FILE = Info.plist;
				LD_RUNPATH_SEARCH_PATHS = "$(inherited) @executable_path/Frameworks";
				PRODUCT_BUNDLE_IDENTIFIER = "yjyy-swift";
				PRODUCT_NAME = "$(TARGET_NAME)";
			};
			name = Release;
		};
/* End XCBuildConfiguration section */

/* Begin XCConfigurationList section */
		6F2C887D1CE4C9FD00E3E3F5 /* Build configuration list for PBXProject "yjyy" */ = {
			isa = XCConfigurationList;
			buildConfigurations = (
				6F2C88921CE4C9FD00E3E3F5 /* Debug */,
				6F2C88931CE4C9FD00E3E3F5 /* Release */,
			);
			defaultConfigurationIsVisible = 0;
			defaultConfigurationName = Release;
		};
		6F2C88941CE4C9FD00E3E3F5 /* Build configuration list for PBXNativeTarget "yjyy" */ = {
			isa = XCConfigurationList;
			buildConfigurations = (
				6F2C88951CE4C9FD00E3E3F5 /* Debug */,
				6F2C88961CE4C9FD00E3E3F5 /* Release */,
			);
			defaultConfigurationIsVisible = 0;
			defaultConfigurationName = Release;
		};
/* End XCConfigurationList section */
	};
	rootObject = 6F2C887A1CE4C9FD00E3E3F5 /* Project object */;
}
